
Microsoft Visual Studio Solution File, Format Version 12.00
# Visual Studio Version 17
VisualStudioVersion = 17.1.32210.238
MinimumVisualStudioVersion = 10.0.40219.1
Project("{2150E333-8FDC-42A3-9474-1A3956D46DE8}") = "App", "App", "{08A77011-7CAE-48DF-A9A4-F463522D4469}"
EndProject
Project("{2150E333-8FDC-42A3-9474-1A3956D46DE8}") = "Common", "Common", "{02B734D7-56B9-4651-96ED-BB085249225F}"
EndProject
Project("{2150E333-8FDC-42A3-9474-1A3956D46DE8}") = "DAL", "DAL", "{A985DB00-FB68-42AF-8625-3416FE493B6F}"
EndProject
Project("{2150E333-8FDC-42A3-9474-1A3956D46DE8}") = "Models", "Models", "{45F5A03E-F144-4C4B-B998-7129761B7202}"
EndProject
Project("{9A19103F-16F7-4668-BE54-9A1E7A4F7556}") = "ModelGenerator.Domain.Models", "ModelGenerator.Domain.Models\ModelGenerator.Domain.Models.csproj", "{2576339D-7B40-4B22-B9D0-FDB833650C84}"
EndProject
Project("{9A19103F-16F7-4668-BE54-9A1E7A4F7556}") = "ModelGenerator.DAL.Interfaces", "ModelGenerator.DAL.Interfaces\ModelGenerator.DAL.Interfaces.csproj", "{75071585-7C06-4991-9537-684F22F93135}"
EndProject
Project("{9A19103F-16F7-4668-BE54-9A1E7A4F7556}") = "ModelGenerator.App.Core", "ModelGenerator.App.Core\ModelGenerator.App.Core.csproj", "{87DE821B-D6FD-4F98-AD00-E0FA6BD62832}"
EndProject
Project("{9A19103F-16F7-4668-BE54-9A1E7A4F7556}") = "ModelGenerator.Common", "ModelGenerator.Common\ModelGenerator.Common.csproj", "{6F2624F3-232B-467A-AD78-7C76B1CD016D}"
EndProject
Project("{9A19103F-16F7-4668-BE54-9A1E7A4F7556}") = "ModelGenerator.DAL.Implementations", "ModelGenerator.DAL.Implementations\ModelGenerator.DAL.Implementations.csproj", "{37D48E3F-4CC1-4349-8C28-54F798848F8F}"
EndProject
Project("{9A19103F-16F7-4668-BE54-9A1E7A4F7556}") = "ModelGenerator.DAL.Models", "ModelGenerator.DAL.Models\ModelGenerator.DAL.Models.csproj", "{8835DC23-F31B-4DEB-9BEE-FD74CB1F28D7}"
EndProject
Project("{9A19103F-16F7-4668-BE54-9A1E7A4F7556}") = "ModelGenerator.App.Models", "ModelGenerator.App.Models\ModelGenerator.App.Models.csproj", "{589B09F1-1A11-409E-863F-8B0B5BCDCAC6}"
EndProject
Project("{9A19103F-16F7-4668-BE54-9A1E7A4F7556}") = "ModelGenrator.App.Web", "ModelGenerator.App.Web\ModelGenrator.App.Web.csproj", "{52544B6D-E85C-453B-A439-8B47A57D02A8}"
EndProject
Global
	GlobalSection(SolutionConfigurationPlatforms) = preSolution
		Debug|Any CPU = Debug|Any CPU
		Release|Any CPU = Release|Any CPU
	EndGlobalSection
	GlobalSection(ProjectConfigurationPlatforms) = postSolution
		{2576339D-7B40-4B22-B9D0-FDB833650C84}.Debug|Any CPU.ActiveCfg = Debug|Any CPU
		{2576339D-7B40-4B22-B9D0-FDB833650C84}.Debug|Any CPU.Build.0 = Debug|Any CPU
		{2576339D-7B40-4B22-B9D0-FDB833650C84}.Release|Any CPU.ActiveCfg = Release|Any CPU
		{2576339D-7B40-4B22-B9D0-FDB833650C84}.Release|Any CPU.Build.0 = Release|Any CPU
		{75071585-7C06-4991-9537-684F22F93135}.Debug|Any CPU.ActiveCfg = Debug|Any CPU
		{75071585-7C06-4991-9537-684F22F93135}.Debug|Any CPU.Build.0 = Debug|Any CPU
		{75071585-7C06-4991-9537-684F22F93135}.Release|Any CPU.ActiveCfg = Release|Any CPU
		{75071585-7C06-4991-9537-684F22F93135}.Release|Any CPU.Build.0 = Release|Any CPU
		{87DE821B-D6FD-4F98-AD00-E0FA6BD62832}.Debug|Any CPU.ActiveCfg = Debug|Any CPU
		{87DE821B-D6FD-4F98-AD00-E0FA6BD62832}.Debug|Any CPU.Build.0 = Debug|Any CPU
		{87DE821B-D6FD-4F98-AD00-E0FA6BD62832}.Release|Any CPU.ActiveCfg = Release|Any CPU
		{87DE821B-D6FD-4F98-AD00-E0FA6BD62832}.Release|Any CPU.Build.0 = Release|Any CPU
		{6F2624F3-232B-467A-AD78-7C76B1CD016D}.Debug|Any CPU.ActiveCfg = Debug|Any CPU
		{6F2624F3-232B-467A-AD78-7C76B1CD016D}.Debug|Any CPU.Build.0 = Debug|Any CPU
		{6F2624F3-232B-467A-AD78-7C76B1CD016D}.Release|Any CPU.ActiveCfg = Release|Any CPU
		{6F2624F3-232B-467A-AD78-7C76B1CD016D}.Release|Any CPU.Build.0 = Release|Any CPU
		{37D48E3F-4CC1-4349-8C28-54F798848F8F}.Debug|Any CPU.ActiveCfg = Debug|Any CPU
		{37D48E3F-4CC1-4349-8C28-54F798848F8F}.Debug|Any CPU.Build.0 = Debug|Any CPU
		{37D48E3F-4CC1-4349-8C28-54F798848F8F}.Release|Any CPU.ActiveCfg = Release|Any CPU
		{37D48E3F-4CC1-4349-8C28-54F798848F8F}.Release|Any CPU.Build.0 = Release|Any CPU
		{8835DC23-F31B-4DEB-9BEE-FD74CB1F28D7}.Debug|Any CPU.ActiveCfg = Debug|Any CPU
		{8835DC23-F31B-4DEB-9BEE-FD74CB1F28D7}.Debug|Any CPU.Build.0 = Debug|Any CPU
		{8835DC23-F31B-4DEB-9BEE-FD74CB1F28D7}.Release|Any CPU.ActiveCfg = Release|Any CPU
		{8835DC23-F31B-4DEB-9BEE-FD74CB1F28D7}.Release|Any CPU.Build.0 = Release|Any CPU
		{589B09F1-1A11-409E-863F-8B0B5BCDCAC6}.Debug|Any CPU.ActiveCfg = Debug|Any CPU
		{589B09F1-1A11-409E-863F-8B0B5BCDCAC6}.Debug|Any CPU.Build.0 = Debug|Any CPU
		{589B09F1-1A11-409E-863F-8B0B5BCDCAC6}.Release|Any CPU.ActiveCfg = Release|Any CPU
		{589B09F1-1A11-409E-863F-8B0B5BCDCAC6}.Release|Any CPU.Build.0 = Release|Any CPU
		{52544B6D-E85C-453B-A439-8B47A57D02A8}.Debug|Any CPU.ActiveCfg = Debug|Any CPU
		{52544B6D-E85C-453B-A439-8B47A57D02A8}.Debug|Any CPU.Build.0 = Debug|Any CPU
		{52544B6D-E85C-453B-A439-8B47A57D02A8}.Release|Any CPU.ActiveCfg = Release|Any CPU
		{52544B6D-E85C-453B-A439-8B47A57D02A8}.Release|Any CPU.Build.0 = Release|Any CPU
	EndGlobalSection
	GlobalSection(SolutionProperties) = preSolution
		HideSolutionNode = FALSE
	EndGlobalSection
	GlobalSection(NestedProjects) = preSolution
		{2576339D-7B40-4B22-B9D0-FDB833650C84} = {45F5A03E-F144-4C4B-B998-7129761B7202}
		{75071585-7C06-4991-9537-684F22F93135} = {A985DB00-FB68-42AF-8625-3416FE493B6F}
		{87DE821B-D6FD-4F98-AD00-E0FA6BD62832} = {08A77011-7CAE-48DF-A9A4-F463522D4469}
		{6F2624F3-232B-467A-AD78-7C76B1CD016D} = {02B734D7-56B9-4651-96ED-BB085249225F}
		{37D48E3F-4CC1-4349-8C28-54F798848F8F} = {A985DB00-FB68-42AF-8625-3416FE493B6F}
		{8835DC23-F31B-4DEB-9BEE-FD74CB1F28D7} = {A985DB00-FB68-42AF-8625-3416FE493B6F}
		{589B09F1-1A11-409E-863F-8B0B5BCDCAC6} = {08A77011-7CAE-48DF-A9A4-F463522D4469}
		{52544B6D-E85C-453B-A439-8B47A57D02A8} = {08A77011-7CAE-48DF-A9A4-F463522D4469}
	EndGlobalSection
	GlobalSection(ExtensibilityGlobals) = postSolution
		SolutionGuid = {2C520EF7-DCF2-443F-97A7-593ADDD6668C}
	EndGlobalSection
EndGlobal
